<?xml version="1.0" encoding="utf-8"?>
<Project ToolsVersion="4.0" xmlns="http://schemas.microsoft.com/developer/msbuild/2003">
  <ItemGroup>
    <Filter Include="Source Files">
      <UniqueIdentifier>{4FC737F1-C7A5-4376-A066-2A32D752A2FF}</UniqueIdentifier>
      <Extensions>cpp;c;cc;cxx;def;odl;idl;hpj;bat;asm;asmx</Extensions>
    </Filter>
    <Filter Include="Header Files">
      <UniqueIdentifier>{93995380-89BD-4b04-88EB-625FBE52EBFB}</UniqueIdentifier>
      <Extensions>h;hh;hpp;hxx;hm;inl;inc;xsd</Extensions>
    </Filter>
    <Filter Include="Resource Files">
      <UniqueIdentifier>{67DA6AB6-F800-4c08-8B7A-83BB121AAD01}</UniqueIdentifier>
      <Extensions>rc;ico;cur;bmp;dlg;rc2;rct;bin;rgs;gif;jpg;jpeg;jpe;resx;tiff;tif;png;wav;mfcribbon-ms</Extensions>
    </Filter>
  </ItemGroup>
  <ItemGroup>
    <ClInclude Include="stdafx.h">
      <Filter>Header Files</Filter>
    </ClInclude>
    <ClInclude Include="IpcClientNet.h">
      <Filter>Header Files</Filter>
    </ClInclude>
    <ClInclude Include="IpcClientTcpTransport.h">
      <Filter>Header Files</Filter>
    </ClInclude>
    <ClInclude Include="IpcServerNet.h">
      <Filter>Header Files</Filter>
    </ClInclude>
    <ClInclude Include="IpcServerTcpTransport.h">
      <Filter>Header Files</Filter>
    </ClInclude>
    <ClInclude Include="IpcTcpTransportQt.h">
      <Filter>Header Files</Filter>
    </ClInclude>
    <ClInclude Include="ScopedPtrQtSafe.h">
      <Filter>Header Files</Filter>
    </ClInclude>
    <ClInclude Include="PostInterThread.h">
      <Filter>Header Files</Filter>
    </ClInclude>
    <ClInclude Include="SynchroLock.h">
      <Filter>Header Files</Filter>
    </ClInclude>
    <ClInclude Include="DelegateWCaller_Window.h">
      <Filter>Header Files</Filter>
    </ClInclude>
  </ItemGroup>
  <ItemGroup>
    <ClCompile Include="stdafx.cpp">
      <Filter>Source Files</Filter>
    </ClCompile>
    <ClCompile Include="IpcClientNet.cpp">
      <Filter>Source Files</Filter>
    </ClCompile>
    <ClCompile Include="IpcClientTcpTransport.cpp">
      <Filter>Source Files</Filter>
    </ClCompile>
    <ClCompile Include="IpcServerNet.cpp">
      <Filter>Source Files</Filter>
    </ClCompile>
    <ClCompile Include="IpcServerTcpTransport.cpp">
      <Filter>Source Files</Filter>
    </ClCompile>
    <ClCompile Include="IpcTcpTransportQt.cpp">
      <Filter>Source Files</Filter>
    </ClCompile>
    <ClCompile Include="PostInterThread.cpp">
      <Filter>Source Files</Filter>
    </ClCompile>
    <ClCompile Include="SynchroLock.cpp">
      <Filter>Source Files</Filter>
    </ClCompile>
    <ClCompile Include="DelegateWCaller_Window.cpp">
      <Filter>Source Files</Filter>
    </ClCompile>
  </ItemGroup>
</Project>