<?xml version="1.0" encoding="utf-8"?>
<Project ToolsVersion="4.0" xmlns="http://schemas.microsoft.com/developer/msbuild/2003">
  <ItemGroup>
    <Filter Include="Source Files">
      <UniqueIdentifier>{4FC737F1-C7A5-4376-A066-2A32D752A2FF}</UniqueIdentifier>
      <Extensions>cpp;c;cc;cxx;c++;def;odl;idl;hpj;bat;asm;asmx</Extensions>
    </Filter>
    <Filter Include="Header Files">
      <UniqueIdentifier>{93995380-89BD-4b04-88EB-625FBE52EBFB}</UniqueIdentifier>
      <Extensions>h;hh;hpp;hxx;h++;hm;inl;inc;ipp;xsd</Extensions>
    </Filter>
    <Filter Include="Resource Files">
      <UniqueIdentifier>{67DA6AB6-F800-4c08-8B7A-83BB121AAD01}</UniqueIdentifier>
      <Extensions>rc;ico;cur;bmp;dlg;rc2;rct;bin;rgs;gif;jpg;jpeg;jpe;resx;tiff;tif;png;wav;mfcribbon-ms</Extensions>
    </Filter>
    <Filter Include="Ipc">
      <UniqueIdentifier>{4ebc2275-3364-4e2a-bd62-72772bf4038b}</UniqueIdentifier>
    </Filter>
    <Filter Include="Ipc\Integration">
      <UniqueIdentifier>{55b634dc-c833-4323-8090-b3f83730cb81}</UniqueIdentifier>
    </Filter>
    <Filter Include="Ipc\Integration\Singlethread">
      <UniqueIdentifier>{5dd8513c-a40a-4c63-8705-cf348177c9f0}</UniqueIdentifier>
    </Filter>
    <Filter Include="Ipc\Integration\Multithread">
      <UniqueIdentifier>{5cbc455e-ed37-4964-be7e-5a919cdf901b}</UniqueIdentifier>
    </Filter>
  </ItemGroup>
  <ItemGroup>
    <ClCompile Include="Main.cpp">
      <Filter>Source Files</Filter>
    </ClCompile>
    <ClCompile Include="stdafx.cpp">
      <Filter>Source Files</Filter>
    </ClCompile>
    <ClCompile Include="Ipc\MAssIpcCall.cpp">
      <Filter>Ipc</Filter>
    </ClCompile>
    <ClCompile Include="Ipc\MAssIpcCallDataStream.cpp">
      <Filter>Ipc</Filter>
    </ClCompile>
    <ClCompile Include="Ipc\MAssIpcCallInternal.cpp">
      <Filter>Ipc</Filter>
    </ClCompile>
    <ClCompile Include="Ipc\MAssIpcPacketParser.cpp">
      <Filter>Ipc</Filter>
    </ClCompile>
    <ClCompile Include="Ipc\MAssIpcPacketTransportDefault.cpp">
      <Filter>Ipc</Filter>
    </ClCompile>
  </ItemGroup>
  <ItemGroup>
    <ClInclude Include="stdafx.h">
      <Filter>Source Files</Filter>
    </ClInclude>
    <ClInclude Include="Ipc\MAssIpcCall.h">
      <Filter>Ipc</Filter>
    </ClInclude>
    <ClInclude Include="Ipc\MAssIpcCallInternal.h">
      <Filter>Ipc</Filter>
    </ClInclude>
    <ClInclude Include="Ipc\MAssIpcCallDataStream.h">
      <Filter>Ipc</Filter>
    </ClInclude>
    <ClInclude Include="Ipc\MAssIpcCallTransport.h">
      <Filter>Ipc</Filter>
    </ClInclude>
    <ClInclude Include="Ipc\MAssCallThreadTransport.h">
      <Filter>Ipc</Filter>
    </ClInclude>
    <ClInclude Include="Ipc\MAssMacros.h">
      <Filter>Ipc</Filter>
    </ClInclude>
    <ClInclude Include="Ipc\MAssIpcPacketParser.h">
      <Filter>Ipc</Filter>
    </ClInclude>
    <ClInclude Include="Ipc\MAssIpcPacketTransportDefault.h">
      <Filter>Ipc</Filter>
    </ClInclude>
    <ClInclude Include="Ipc\Integration\Multithread\MAssIpcThreadSafe.h">
      <Filter>Ipc\Integration\Multithread</Filter>
    </ClInclude>
    <ClInclude Include="Ipc\Integration\Singlethread\MAssIpcThreadSafe.h">
      <Filter>Ipc\Integration\Singlethread</Filter>
    </ClInclude>
    <ClInclude Include="Ipc\Integration\MAssIpcAssert.h">
      <Filter>Ipc\Integration</Filter>
    </ClInclude>
    <ClInclude Include="Ipc\Integration\MAssIpcCompilerSpecific.h">
      <Filter>Ipc\Integration</Filter>
    </ClInclude>
    <ClInclude Include="Ipc\Integration\MAssIpcThread.h">
      <Filter>Ipc\Integration</Filter>
    </ClInclude>
  </ItemGroup>
</Project>