<?xml version="1.0" encoding="utf-8"?>
<Project ToolsVersion="4.0" xmlns="http://schemas.microsoft.com/developer/msbuild/2003">
  <ItemGroup>
    <Filter Include="Source Files">
      <UniqueIdentifier>{4FC737F1-C7A5-4376-A066-2A32D752A2FF}</UniqueIdentifier>
      <Extensions>cpp;c;cc;cxx;c++;def;odl;idl;hpj;bat;asm;asmx</Extensions>
    </Filter>
    <Filter Include="Header Files">
      <UniqueIdentifier>{93995380-89BD-4b04-88EB-625FBE52EBFB}</UniqueIdentifier>
      <Extensions>h;hh;hpp;hxx;h++;hm;inl;inc;ipp;xsd</Extensions>
    </Filter>
    <Filter Include="Resource Files">
      <UniqueIdentifier>{67DA6AB6-F800-4c08-8B7A-83BB121AAD01}</UniqueIdentifier>
      <Extensions>rc;ico;cur;bmp;dlg;rc2;rct;bin;rgs;gif;jpg;jpeg;jpe;resx;tiff;tif;png;wav;mfcribbon-ms</Extensions>
    </Filter>
    <Filter Include="Ipc">
      <UniqueIdentifier>{4ebc2275-3364-4e2a-bd62-72772bf4038b}</UniqueIdentifier>
    </Filter>
    <Filter Include="Ipc\Integration">
      <UniqueIdentifier>{ca54401e-aed9-4512-8276-bef30416af8a}</UniqueIdentifier>
    </Filter>
    <Filter Include="Ipc\Integration\Multithread">
      <UniqueIdentifier>{f989c639-7ef8-49e2-bdc3-400e8185f2b5}</UniqueIdentifier>
    </Filter>
    <Filter Include="Ipc\Integration\Singlethread">
      <UniqueIdentifier>{9e7462b1-f370-4c0d-8735-567d723a7d33}</UniqueIdentifier>
    </Filter>
    <Filter Include="IpcIntegration">
      <UniqueIdentifier>{246c66bf-0368-4e35-858c-f8b159272140}</UniqueIdentifier>
    </Filter>
  </ItemGroup>
  <ItemGroup>
    <ClCompile Include="stdafx.cpp">
      <Filter>Source Files</Filter>
    </ClCompile>
    <ClCompile Include="..\Ipc\MAssIpc_DataStream.cpp">
      <Filter>Ipc</Filter>
    </ClCompile>
    <ClCompile Include="..\Ipc\MAssIpc_Internals.cpp">
      <Filter>Ipc</Filter>
    </ClCompile>
    <ClCompile Include="..\Ipc\MAssIpc_PacketParser.cpp">
      <Filter>Ipc</Filter>
    </ClCompile>
    <ClCompile Include="..\Ipc\MAssIpc_RawString.cpp">
      <Filter>Ipc</Filter>
    </ClCompile>
    <ClCompile Include="..\Ipc\MAssIpc_TransportProxy.cpp">
      <Filter>Ipc</Filter>
    </ClCompile>
    <ClCompile Include="..\Ipc\MAssIpcCall.cpp">
      <Filter>Ipc</Filter>
    </ClCompile>
    <ClCompile Include="Main.cpp">
      <Filter>Source Files</Filter>
    </ClCompile>
  </ItemGroup>
  <ItemGroup>
    <ClInclude Include="stdafx.h">
      <Filter>Source Files</Filter>
    </ClInclude>
    <ClInclude Include="..\Ipc\Integration\MAssIpc_Assert.h">
      <Filter>Ipc\Integration</Filter>
    </ClInclude>
    <ClInclude Include="..\Ipc\Integration\MAssIpc_TransthreadTarget.h">
      <Filter>Ipc\Integration</Filter>
    </ClInclude>
    <ClInclude Include="..\Ipc\Integration\Multithread\MAssIpc_ThreadSafe.h">
      <Filter>Ipc\Integration\Multithread</Filter>
    </ClInclude>
    <ClInclude Include="..\Ipc\Integration\Singlethread\MAssIpc_ThreadSafe.h">
      <Filter>Ipc\Integration\Singlethread</Filter>
    </ClInclude>
    <ClInclude Include="..\Ipc\MAssIpc_Data.h">
      <Filter>Ipc</Filter>
    </ClInclude>
    <ClInclude Include="..\Ipc\MAssIpc_DataStream.h">
      <Filter>Ipc</Filter>
    </ClInclude>
    <ClInclude Include="..\Ipc\MAssIpc_Internals.h">
      <Filter>Ipc</Filter>
    </ClInclude>
    <ClInclude Include="..\Ipc\MAssIpc_Macros.h">
      <Filter>Ipc</Filter>
    </ClInclude>
    <ClInclude Include="..\Ipc\MAssIpc_PacketParser.h">
      <Filter>Ipc</Filter>
    </ClInclude>
    <ClInclude Include="..\Ipc\MAssIpc_RawString.h">
      <Filter>Ipc</Filter>
    </ClInclude>
    <ClInclude Include="..\Ipc\MAssIpc_Transport.h">
      <Filter>Ipc</Filter>
    </ClInclude>
    <ClInclude Include="..\Ipc\MAssIpc_TransportProxy.h">
      <Filter>Ipc</Filter>
    </ClInclude>
    <ClInclude Include="..\Ipc\MAssIpc_Transthread.h">
      <Filter>Ipc</Filter>
    </ClInclude>
    <ClInclude Include="..\Ipc\MAssIpcCall.h">
      <Filter>Ipc</Filter>
    </ClInclude>
    <ClInclude Include="IpcTransport_MemoryCopy.h">
      <Filter>Header Files</Filter>
    </ClInclude>
    <ClInclude Include="IpcTransport_MemoryShare.h">
      <Filter>Header Files</Filter>
    </ClInclude>
    <ClInclude Include="IpcTransthread_Memory.h">
      <Filter>Header Files</Filter>
    </ClInclude>
    <ClInclude Include="TaskRunnerThread.h">
      <Filter>Header Files</Filter>
    </ClInclude>
    <ClInclude Include="IpcIntegration\MAssIpc_Assert.h">
      <Filter>IpcIntegration</Filter>
    </ClInclude>
    <ClInclude Include="IpcIntegration\MAssIpc_TransthreadTarget.h">
      <Filter>IpcIntegration</Filter>
    </ClInclude>
    <ClInclude Include="..\Ipc\MAssIpcWaiter.h">
      <Filter>Ipc</Filter>
    </ClInclude>
    <ClInclude Include="..\Ipc\MAssIpc_Packet.h">
      <Filter>Ipc</Filter>
    </ClInclude>
  </ItemGroup>
</Project>